
Microsoft Visual Studio Solution File, Format Version 12.00
# Visual Studio 15
VisualStudioVersion = 15.0.26730.16
MinimumVisualStudioVersion = 15.0.26124.0
Project("{9A19103F-16F7-4668-BE54-9A1E7A4F7556}") = "Website", "Website\Website.csproj", "{EAA799E5-7C57-4F29-9452-EA78E4D461A7}"
EndProject
Project("{9A19103F-16F7-4668-BE54-9A1E7A4F7556}") = "Entities", "Entities\Entities.csproj", "{5B863686-67DB-4C5D-A2EC-34B81428F651}"
EndProject
Project("{FAE04EC0-301F-11D3-BF4B-00C04F79EFBC}") = "DataBase", "DataBase\DataBase.csproj", "{7BFC6BDC-B8AB-417B-9D23-47600C0A15B3}"
EndProject
Global
	GlobalSection(SolutionConfigurationPlatforms) = preSolution
		Debug|Any CPU = Debug|Any CPU
		Debug|x64 = Debug|x64
		Debug|x86 = Debug|x86
		Release|Any CPU = Release|Any CPU
		Release|x64 = Release|x64
		Release|x86 = Release|x86
	EndGlobalSection
	GlobalSection(ProjectConfigurationPlatforms) = postSolution
		{EAA799E5-7C57-4F29-9452-EA78E4D461A7}.Debug|Any CPU.ActiveCfg = Debug|Any CPU
		{EAA799E5-7C57-4F29-9452-EA78E4D461A7}.Debug|Any CPU.Build.0 = Debug|Any CPU
		{EAA799E5-7C57-4F29-9452-EA78E4D461A7}.Debug|x64.ActiveCfg = Debug|Any CPU
		{EAA799E5-7C57-4F29-9452-EA78E4D461A7}.Debug|x64.Build.0 = Debug|Any CPU
		{EAA799E5-7C57-4F29-9452-EA78E4D461A7}.Debug|x86.ActiveCfg = Debug|Any CPU
		{EAA799E5-7C57-4F29-9452-EA78E4D461A7}.Debug|x86.Build.0 = Debug|Any CPU
		{EAA799E5-7C57-4F29-9452-EA78E4D461A7}.Release|Any CPU.ActiveCfg = Release|Any CPU
		{EAA799E5-7C57-4F29-9452-EA78E4D461A7}.Release|Any CPU.Build.0 = Release|Any CPU
		{EAA799E5-7C57-4F29-9452-EA78E4D461A7}.Release|x64.ActiveCfg = Release|Any CPU
		{EAA799E5-7C57-4F29-9452-EA78E4D461A7}.Release|x64.Build.0 = Release|Any CPU
		{EAA799E5-7C57-4F29-9452-EA78E4D461A7}.Release|x86.ActiveCfg = Release|Any CPU
		{EAA799E5-7C57-4F29-9452-EA78E4D461A7}.Release|x86.Build.0 = Release|Any CPU
		{5B863686-67DB-4C5D-A2EC-34B81428F651}.Debug|Any CPU.ActiveCfg = Debug|Any CPU
		{5B863686-67DB-4C5D-A2EC-34B81428F651}.Debug|Any CPU.Build.0 = Debug|Any CPU
		{5B863686-67DB-4C5D-A2EC-34B81428F651}.Debug|x64.ActiveCfg = Debug|Any CPU
		{5B863686-67DB-4C5D-A2EC-34B81428F651}.Debug|x64.Build.0 = Debug|Any CPU
		{5B863686-67DB-4C5D-A2EC-34B81428F651}.Debug|x86.ActiveCfg = Debug|Any CPU
		{5B863686-67DB-4C5D-A2EC-34B81428F651}.Debug|x86.Build.0 = Debug|Any CPU
		{5B863686-67DB-4C5D-A2EC-34B81428F651}.Release|Any CPU.ActiveCfg = Release|Any CPU
		{5B863686-67DB-4C5D-A2EC-34B81428F651}.Release|Any CPU.Build.0 = Release|Any CPU
		{5B863686-67DB-4C5D-A2EC-34B81428F651}.Release|x64.ActiveCfg = Release|Any CPU
		{5B863686-67DB-4C5D-A2EC-34B81428F651}.Release|x64.Build.0 = Release|Any CPU
		{5B863686-67DB-4C5D-A2EC-34B81428F651}.Release|x86.ActiveCfg = Release|Any CPU
		{5B863686-67DB-4C5D-A2EC-34B81428F651}.Release|x86.Build.0 = Release|Any CPU
		{7BFC6BDC-B8AB-417B-9D23-47600C0A15B3}.Debug|Any CPU.ActiveCfg = Debug|Any CPU
		{7BFC6BDC-B8AB-417B-9D23-47600C0A15B3}.Debug|Any CPU.Build.0 = Debug|Any CPU
		{7BFC6BDC-B8AB-417B-9D23-47600C0A15B3}.Debug|x64.ActiveCfg = Debug|Any CPU
		{7BFC6BDC-B8AB-417B-9D23-47600C0A15B3}.Debug|x64.Build.0 = Debug|Any CPU
		{7BFC6BDC-B8AB-417B-9D23-47600C0A15B3}.Debug|x86.ActiveCfg = Debug|Any CPU
		{7BFC6BDC-B8AB-417B-9D23-47600C0A15B3}.Debug|x86.Build.0 = Debug|Any CPU
		{7BFC6BDC-B8AB-417B-9D23-47600C0A15B3}.Release|Any CPU.ActiveCfg = Release|Any CPU
		{7BFC6BDC-B8AB-417B-9D23-47600C0A15B3}.Release|Any CPU.Build.0 = Release|Any CPU
		{7BFC6BDC-B8AB-417B-9D23-47600C0A15B3}.Release|x64.ActiveCfg = Release|Any CPU
		{7BFC6BDC-B8AB-417B-9D23-47600C0A15B3}.Release|x64.Build.0 = Release|Any CPU
		{7BFC6BDC-B8AB-417B-9D23-47600C0A15B3}.Release|x86.ActiveCfg = Release|Any CPU
		{7BFC6BDC-B8AB-417B-9D23-47600C0A15B3}.Release|x86.Build.0 = Release|Any CPU
	EndGlobalSection
	GlobalSection(SolutionProperties) = preSolution
		HideSolutionNode = FALSE
	EndGlobalSection
	GlobalSection(ExtensibilityGlobals) = postSolution
		SolutionGuid = {9758436B-9816-4E4E-88D8-04171729D491}
	EndGlobalSection
EndGlobal
